
Microsoft Visual Studio Solution File, Format Version 12.00
# Visual Studio 15
VisualStudioVersion = 15.0.27004.2009
MinimumVisualStudioVersion = 10.0.40219.1
Project("{2150E333-8FDC-42A3-9474-1A3956D46DE8}") = "Common", "Common", "{8319C1CF-B598-4A62-BDD9-4DF9E834F0A0}"
EndProject
Project("{2150E333-8FDC-42A3-9474-1A3956D46DE8}") = "Mobile", "Mobile", "{068E2632-0056-450E-AB4D-2D2953F081A1}"
EndProject
Project("{2150E333-8FDC-42A3-9474-1A3956D46DE8}") = "BackEnd", "BackEnd", "{7FA5C57A-F665-49B8-9E77-D2102B1B331B}"
EndProject
Project("{FAE04EC0-301F-11D3-BF4B-00C04F79EFBC}") = "ContestPark.Mobile.Android", "ContestPark.Mobile\ContestPark.Mobile.Android\ContestPark.Mobile.Android.csproj", "{B0A8C418-F0DA-43AA-9CC4-4105FBB79156}"
EndProject
Project("{2150E333-8FDC-42A3-9474-1A3956D46DE8}") = "Tests", "Tests", "{521C8021-785B-482F-A7E6-C704A74C06A6}"
EndProject
Project("{9A19103F-16F7-4668-BE54-9A1E7A4F7556}") = "ContestPark.BusinessLayer", "ContestPark.BusinessLayer\ContestPark.BusinessLayer.csproj", "{D4C2A25C-F903-412D-B359-E4D993102ABA}"
EndProject
Project("{9A19103F-16F7-4668-BE54-9A1E7A4F7556}") = "ContestPark.DataAccessLayer", "ContestPark.DataAccessLayer\ContestPark.DataAccessLayer.csproj", "{38C94544-50B1-4D3F-A6A3-10F3AA25A28E}"
EndProject
Project("{9A19103F-16F7-4668-BE54-9A1E7A4F7556}") = "ContestPark.WebApi", "ContestPark.WebApi\ContestPark.WebApi.csproj", "{BE6E385F-DC77-4746-9055-BADB99AB0E05}"
EndProject
Project("{9A19103F-16F7-4668-BE54-9A1E7A4F7556}") = "ContestPark.WebApi.IntegrationTests", "ContestPark.WebApi.IntegrationTests\ContestPark.WebApi.IntegrationTests.csproj", "{3A7C3B72-AD48-4428-A246-078D6E377B9D}"
EndProject
Project("{FAE04EC0-301F-11D3-BF4B-00C04F79EFBC}") = "ContestPark.Mobile.Tests", "ContestPark.Mobile.Tests\ContestPark.Mobile.Tests.csproj", "{8E7DE318-4E55-4D67-A9DE-83F21A3F0DAF}"
EndProject
Project("{9A19103F-16F7-4668-BE54-9A1E7A4F7556}") = "ContestPark.BusinessLayer.Tests", "ContestPark.BusinessLayer.Tests\ContestPark.BusinessLayer.Tests.csproj", "{64D348C7-7061-4B41-B157-54536608EC86}"
EndProject
Project("{9A19103F-16F7-4668-BE54-9A1E7A4F7556}") = "ContestPark.Entities", "ContestPark.Entities\ContestPark.Entities.csproj", "{ECD3965F-4C56-408E-9CCD-EE1402466B67}"
EndProject
Project("{9A19103F-16F7-4668-BE54-9A1E7A4F7556}") = "ContestPark.Mobile", "ContestPark.Mobile\ContestPark.Mobile\ContestPark.Mobile\ContestPark.Mobile.csproj", "{B2F57C28-F13B-443E-A250-2379F587AAB9}"
EndProject
Project("{E53339B2-1760-4266-BCC7-CA923CBCF16C}") = "docker-compose", "docker-compose.dcproj", "{F50567BF-036E-44B6-B42C-FC1B7899620A}"
EndProject
Global
	GlobalSection(SolutionConfigurationPlatforms) = preSolution
		Ad-Hoc|Any CPU = Ad-Hoc|Any CPU
		Ad-Hoc|iPhone = Ad-Hoc|iPhone
		Ad-Hoc|iPhoneSimulator = Ad-Hoc|iPhoneSimulator
		Ad-Hoc|x64 = Ad-Hoc|x64
		Ad-Hoc|x86 = Ad-Hoc|x86
		AppStore|Any CPU = AppStore|Any CPU
		AppStore|iPhone = AppStore|iPhone
		AppStore|iPhoneSimulator = AppStore|iPhoneSimulator
		AppStore|x64 = AppStore|x64
		AppStore|x86 = AppStore|x86
		Debug|Any CPU = Debug|Any CPU
		Debug|iPhone = Debug|iPhone
		Debug|iPhoneSimulator = Debug|iPhoneSimulator
		Debug|x64 = Debug|x64
		Debug|x86 = Debug|x86
		Release|Any CPU = Release|Any CPU
		Release|iPhone = Release|iPhone
		Release|iPhoneSimulator = Release|iPhoneSimulator
		Release|x64 = Release|x64
		Release|x86 = Release|x86
	EndGlobalSection
	GlobalSection(ProjectConfigurationPlatforms) = postSolution
		{B0A8C418-F0DA-43AA-9CC4-4105FBB79156}.Ad-Hoc|Any CPU.ActiveCfg = Release|Any CPU
		{B0A8C418-F0DA-43AA-9CC4-4105FBB79156}.Ad-Hoc|Any CPU.Build.0 = Release|Any CPU
		{B0A8C418-F0DA-43AA-9CC4-4105FBB79156}.Ad-Hoc|Any CPU.Deploy.0 = Release|Any CPU
		{B0A8C418-F0DA-43AA-9CC4-4105FBB79156}.Ad-Hoc|iPhone.ActiveCfg = Release|Any CPU
		{B0A8C418-F0DA-43AA-9CC4-4105FBB79156}.Ad-Hoc|iPhone.Build.0 = Release|Any CPU
		{B0A8C418-F0DA-43AA-9CC4-4105FBB79156}.Ad-Hoc|iPhone.Deploy.0 = Release|Any CPU
		{B0A8C418-F0DA-43AA-9CC4-4105FBB79156}.Ad-Hoc|iPhoneSimulator.ActiveCfg = Release|Any CPU
		{B0A8C418-F0DA-43AA-9CC4-4105FBB79156}.Ad-Hoc|iPhoneSimulator.Build.0 = Release|Any CPU
		{B0A8C418-F0DA-43AA-9CC4-4105FBB79156}.Ad-Hoc|iPhoneSimulator.Deploy.0 = Release|Any CPU
		{B0A8C418-F0DA-43AA-9CC4-4105FBB79156}.Ad-Hoc|x64.ActiveCfg = Debug|Any CPU
		{B0A8C418-F0DA-43AA-9CC4-4105FBB79156}.Ad-Hoc|x64.Build.0 = Debug|Any CPU
		{B0A8C418-F0DA-43AA-9CC4-4105FBB79156}.Ad-Hoc|x64.Deploy.0 = Debug|Any CPU
		{B0A8C418-F0DA-43AA-9CC4-4105FBB79156}.Ad-Hoc|x86.ActiveCfg = Release|x86
		{B0A8C418-F0DA-43AA-9CC4-4105FBB79156}.Ad-Hoc|x86.Build.0 = Release|x86
		{B0A8C418-F0DA-43AA-9CC4-4105FBB79156}.Ad-Hoc|x86.Deploy.0 = Release|x86
		{B0A8C418-F0DA-43AA-9CC4-4105FBB79156}.AppStore|Any CPU.ActiveCfg = Release|Any CPU
		{B0A8C418-F0DA-43AA-9CC4-4105FBB79156}.AppStore|Any CPU.Build.0 = Release|Any CPU
		{B0A8C418-F0DA-43AA-9CC4-4105FBB79156}.AppStore|Any CPU.Deploy.0 = Release|Any CPU
		{B0A8C418-F0DA-43AA-9CC4-4105FBB79156}.AppStore|iPhone.ActiveCfg = Release|Any CPU
		{B0A8C418-F0DA-43AA-9CC4-4105FBB79156}.AppStore|iPhone.Build.0 = Release|Any CPU
		{B0A8C418-F0DA-43AA-9CC4-4105FBB79156}.AppStore|iPhone.Deploy.0 = Release|Any CPU
		{B0A8C418-F0DA-43AA-9CC4-4105FBB79156}.AppStore|iPhoneSimulator.ActiveCfg = Release|Any CPU
		{B0A8C418-F0DA-43AA-9CC4-4105FBB79156}.AppStore|iPhoneSimulator.Build.0 = Release|Any CPU
		{B0A8C418-F0DA-43AA-9CC4-4105FBB79156}.AppStore|iPhoneSimulator.Deploy.0 = Release|Any CPU
		{B0A8C418-F0DA-43AA-9CC4-4105FBB79156}.AppStore|x64.ActiveCfg = Debug|Any CPU
		{B0A8C418-F0DA-43AA-9CC4-4105FBB79156}.AppStore|x64.Build.0 = Debug|Any CPU
		{B0A8C418-F0DA-43AA-9CC4-4105FBB79156}.AppStore|x64.Deploy.0 = Debug|Any CPU
		{B0A8C418-F0DA-43AA-9CC4-4105FBB79156}.AppStore|x86.ActiveCfg = Release|x86
		{B0A8C418-F0DA-43AA-9CC4-4105FBB79156}.AppStore|x86.Build.0 = Release|x86
		{B0A8C418-F0DA-43AA-9CC4-4105FBB79156}.AppStore|x86.Deploy.0 = Release|x86
		{B0A8C418-F0DA-43AA-9CC4-4105FBB79156}.Debug|Any CPU.ActiveCfg = Debug|Any CPU
		{B0A8C418-F0DA-43AA-9CC4-4105FBB79156}.Debug|Any CPU.Build.0 = Debug|Any CPU
		{B0A8C418-F0DA-43AA-9CC4-4105FBB79156}.Debug|Any CPU.Deploy.0 = Debug|Any CPU
		{B0A8C418-F0DA-43AA-9CC4-4105FBB79156}.Debug|iPhone.ActiveCfg = Debug|Any CPU
		{B0A8C418-F0DA-43AA-9CC4-4105FBB79156}.Debug|iPhone.Build.0 = Debug|Any CPU
		{B0A8C418-F0DA-43AA-9CC4-4105FBB79156}.Debug|iPhone.Deploy.0 = Debug|Any CPU
		{B0A8C418-F0DA-43AA-9CC4-4105FBB79156}.Debug|iPhoneSimulator.ActiveCfg = Debug|Any CPU
		{B0A8C418-F0DA-43AA-9CC4-4105FBB79156}.Debug|iPhoneSimulator.Build.0 = Debug|Any CPU
		{B0A8C418-F0DA-43AA-9CC4-4105FBB79156}.Debug|iPhoneSimulator.Deploy.0 = Debug|Any CPU
		{B0A8C418-F0DA-43AA-9CC4-4105FBB79156}.Debug|x64.ActiveCfg = Debug|Any CPU
		{B0A8C418-F0DA-43AA-9CC4-4105FBB79156}.Debug|x64.Build.0 = Debug|Any CPU
		{B0A8C418-F0DA-43AA-9CC4-4105FBB79156}.Debug|x64.Deploy.0 = Debug|Any CPU
		{B0A8C418-F0DA-43AA-9CC4-4105FBB79156}.Debug|x86.ActiveCfg = Debug|x86
		{B0A8C418-F0DA-43AA-9CC4-4105FBB79156}.Debug|x86.Build.0 = Debug|x86
		{B0A8C418-F0DA-43AA-9CC4-4105FBB79156}.Debug|x86.Deploy.0 = Debug|x86
		{B0A8C418-F0DA-43AA-9CC4-4105FBB79156}.Release|Any CPU.ActiveCfg = Release|Any CPU
		{B0A8C418-F0DA-43AA-9CC4-4105FBB79156}.Release|Any CPU.Build.0 = Release|Any CPU
		{B0A8C418-F0DA-43AA-9CC4-4105FBB79156}.Release|Any CPU.Deploy.0 = Release|Any CPU
		{B0A8C418-F0DA-43AA-9CC4-4105FBB79156}.Release|iPhone.ActiveCfg = Release|Any CPU
		{B0A8C418-F0DA-43AA-9CC4-4105FBB79156}.Release|iPhone.Build.0 = Release|Any CPU
		{B0A8C418-F0DA-43AA-9CC4-4105FBB79156}.Release|iPhone.Deploy.0 = Release|Any CPU
		{B0A8C418-F0DA-43AA-9CC4-4105FBB79156}.Release|iPhoneSimulator.ActiveCfg = Release|Any CPU
		{B0A8C418-F0DA-43AA-9CC4-4105FBB79156}.Release|iPhoneSimulator.Build.0 = Release|Any CPU
		{B0A8C418-F0DA-43AA-9CC4-4105FBB79156}.Release|iPhoneSimulator.Deploy.0 = Release|Any CPU
		{B0A8C418-F0DA-43AA-9CC4-4105FBB79156}.Release|x64.ActiveCfg = Release|Any CPU
		{B0A8C418-F0DA-43AA-9CC4-4105FBB79156}.Release|x64.Build.0 = Release|Any CPU
		{B0A8C418-F0DA-43AA-9CC4-4105FBB79156}.Release|x64.Deploy.0 = Release|Any CPU
		{B0A8C418-F0DA-43AA-9CC4-4105FBB79156}.Release|x86.ActiveCfg = Release|x86
		{B0A8C418-F0DA-43AA-9CC4-4105FBB79156}.Release|x86.Build.0 = Release|x86
		{B0A8C418-F0DA-43AA-9CC4-4105FBB79156}.Release|x86.Deploy.0 = Release|x86
		{D4C2A25C-F903-412D-B359-E4D993102ABA}.Ad-Hoc|Any CPU.ActiveCfg = Debug|Any CPU
		{D4C2A25C-F903-412D-B359-E4D993102ABA}.Ad-Hoc|Any CPU.Build.0 = Debug|Any CPU
		{D4C2A25C-F903-412D-B359-E4D993102ABA}.Ad-Hoc|iPhone.ActiveCfg = Debug|Any CPU
		{D4C2A25C-F903-412D-B359-E4D993102ABA}.Ad-Hoc|iPhone.Build.0 = Debug|Any CPU
		{D4C2A25C-F903-412D-B359-E4D993102ABA}.Ad-Hoc|iPhoneSimulator.ActiveCfg = Debug|Any CPU
		{D4C2A25C-F903-412D-B359-E4D993102ABA}.Ad-Hoc|iPhoneSimulator.Build.0 = Debug|Any CPU
		{D4C2A25C-F903-412D-B359-E4D993102ABA}.Ad-Hoc|x64.ActiveCfg = Release|Any CPU
		{D4C2A25C-F903-412D-B359-E4D993102ABA}.Ad-Hoc|x64.Build.0 = Release|Any CPU
		{D4C2A25C-F903-412D-B359-E4D993102ABA}.Ad-Hoc|x86.ActiveCfg = Release|Any CPU
		{D4C2A25C-F903-412D-B359-E4D993102ABA}.Ad-Hoc|x86.Build.0 = Release|Any CPU
		{D4C2A25C-F903-412D-B359-E4D993102ABA}.AppStore|Any CPU.ActiveCfg = Debug|Any CPU
		{D4C2A25C-F903-412D-B359-E4D993102ABA}.AppStore|Any CPU.Build.0 = Debug|Any CPU
		{D4C2A25C-F903-412D-B359-E4D993102ABA}.AppStore|iPhone.ActiveCfg = Debug|Any CPU
		{D4C2A25C-F903-412D-B359-E4D993102ABA}.AppStore|iPhone.Build.0 = Debug|Any CPU
		{D4C2A25C-F903-412D-B359-E4D993102ABA}.AppStore|iPhoneSimulator.ActiveCfg = Debug|Any CPU
		{D4C2A25C-F903-412D-B359-E4D993102ABA}.AppStore|iPhoneSimulator.Build.0 = Debug|Any CPU
		{D4C2A25C-F903-412D-B359-E4D993102ABA}.AppStore|x64.ActiveCfg = Release|Any CPU
		{D4C2A25C-F903-412D-B359-E4D993102ABA}.AppStore|x64.Build.0 = Release|Any CPU
		{D4C2A25C-F903-412D-B359-E4D993102ABA}.AppStore|x86.ActiveCfg = Release|Any CPU
		{D4C2A25C-F903-412D-B359-E4D993102ABA}.AppStore|x86.Build.0 = Release|Any CPU
		{D4C2A25C-F903-412D-B359-E4D993102ABA}.Debug|Any CPU.ActiveCfg = Debug|Any CPU
		{D4C2A25C-F903-412D-B359-E4D993102ABA}.Debug|Any CPU.Build.0 = Debug|Any CPU
		{D4C2A25C-F903-412D-B359-E4D993102ABA}.Debug|iPhone.ActiveCfg = Debug|Any CPU
		{D4C2A25C-F903-412D-B359-E4D993102ABA}.Debug|iPhone.Build.0 = Debug|Any CPU
		{D4C2A25C-F903-412D-B359-E4D993102ABA}.Debug|iPhoneSimulator.ActiveCfg = Debug|Any CPU
		{D4C2A25C-F903-412D-B359-E4D993102ABA}.Debug|iPhoneSimulator.Build.0 = Debug|Any CPU
		{D4C2A25C-F903-412D-B359-E4D993102ABA}.Debug|x64.ActiveCfg = Debug|Any CPU
		{D4C2A25C-F903-412D-B359-E4D993102ABA}.Debug|x64.Build.0 = Debug|Any CPU
		{D4C2A25C-F903-412D-B359-E4D993102ABA}.Debug|x86.ActiveCfg = Debug|Any CPU
		{D4C2A25C-F903-412D-B359-E4D993102ABA}.Debug|x86.Build.0 = Debug|Any CPU
		{D4C2A25C-F903-412D-B359-E4D993102ABA}.Release|Any CPU.ActiveCfg = Release|Any CPU
		{D4C2A25C-F903-412D-B359-E4D993102ABA}.Release|Any CPU.Build.0 = Release|Any CPU
		{D4C2A25C-F903-412D-B359-E4D993102ABA}.Release|iPhone.ActiveCfg = Release|Any CPU
		{D4C2A25C-F903-412D-B359-E4D993102ABA}.Release|iPhone.Build.0 = Release|Any CPU
		{D4C2A25C-F903-412D-B359-E4D993102ABA}.Release|iPhoneSimulator.ActiveCfg = Release|Any CPU
		{D4C2A25C-F903-412D-B359-E4D993102ABA}.Release|iPhoneSimulator.Build.0 = Release|Any CPU
		{D4C2A25C-F903-412D-B359-E4D993102ABA}.Release|x64.ActiveCfg = Release|Any CPU
		{D4C2A25C-F903-412D-B359-E4D993102ABA}.Release|x64.Build.0 = Release|Any CPU
		{D4C2A25C-F903-412D-B359-E4D993102ABA}.Release|x86.ActiveCfg = Release|Any CPU
		{D4C2A25C-F903-412D-B359-E4D993102ABA}.Release|x86.Build.0 = Release|Any CPU
		{38C94544-50B1-4D3F-A6A3-10F3AA25A28E}.Ad-Hoc|Any CPU.ActiveCfg = Debug|Any CPU
		{38C94544-50B1-4D3F-A6A3-10F3AA25A28E}.Ad-Hoc|Any CPU.Build.0 = Debug|Any CPU
		{38C94544-50B1-4D3F-A6A3-10F3AA25A28E}.Ad-Hoc|iPhone.ActiveCfg = Debug|Any CPU
		{38C94544-50B1-4D3F-A6A3-10F3AA25A28E}.Ad-Hoc|iPhone.Build.0 = Debug|Any CPU
		{38C94544-50B1-4D3F-A6A3-10F3AA25A28E}.Ad-Hoc|iPhoneSimulator.ActiveCfg = Debug|Any CPU
		{38C94544-50B1-4D3F-A6A3-10F3AA25A28E}.Ad-Hoc|iPhoneSimulator.Build.0 = Debug|Any CPU
		{38C94544-50B1-4D3F-A6A3-10F3AA25A28E}.Ad-Hoc|x64.ActiveCfg = Release|Any CPU
		{38C94544-50B1-4D3F-A6A3-10F3AA25A28E}.Ad-Hoc|x64.Build.0 = Release|Any CPU
		{38C94544-50B1-4D3F-A6A3-10F3AA25A28E}.Ad-Hoc|x86.ActiveCfg = Release|Any CPU
		{38C94544-50B1-4D3F-A6A3-10F3AA25A28E}.Ad-Hoc|x86.Build.0 = Release|Any CPU
		{38C94544-50B1-4D3F-A6A3-10F3AA25A28E}.AppStore|Any CPU.ActiveCfg = Debug|Any CPU
		{38C94544-50B1-4D3F-A6A3-10F3AA25A28E}.AppStore|Any CPU.Build.0 = Debug|Any CPU
		{38C94544-50B1-4D3F-A6A3-10F3AA25A28E}.AppStore|iPhone.ActiveCfg = Debug|Any CPU
		{38C94544-50B1-4D3F-A6A3-10F3AA25A28E}.AppStore|iPhone.Build.0 = Debug|Any CPU
		{38C94544-50B1-4D3F-A6A3-10F3AA25A28E}.AppStore|iPhoneSimulator.ActiveCfg = Debug|Any CPU
		{38C94544-50B1-4D3F-A6A3-10F3AA25A28E}.AppStore|iPhoneSimulator.Build.0 = Debug|Any CPU
		{38C94544-50B1-4D3F-A6A3-10F3AA25A28E}.AppStore|x64.ActiveCfg = Release|Any CPU
		{38C94544-50B1-4D3F-A6A3-10F3AA25A28E}.AppStore|x64.Build.0 = Release|Any CPU
		{38C94544-50B1-4D3F-A6A3-10F3AA25A28E}.AppStore|x86.ActiveCfg = Release|Any CPU
		{38C94544-50B1-4D3F-A6A3-10F3AA25A28E}.AppStore|x86.Build.0 = Release|Any CPU
		{38C94544-50B1-4D3F-A6A3-10F3AA25A28E}.Debug|Any CPU.ActiveCfg = Debug|Any CPU
		{38C94544-50B1-4D3F-A6A3-10F3AA25A28E}.Debug|Any CPU.Build.0 = Debug|Any CPU
		{38C94544-50B1-4D3F-A6A3-10F3AA25A28E}.Debug|iPhone.ActiveCfg = Debug|Any CPU
		{38C94544-50B1-4D3F-A6A3-10F3AA25A28E}.Debug|iPhone.Build.0 = Debug|Any CPU
		{38C94544-50B1-4D3F-A6A3-10F3AA25A28E}.Debug|iPhoneSimulator.ActiveCfg = Debug|Any CPU
		{38C94544-50B1-4D3F-A6A3-10F3AA25A28E}.Debug|iPhoneSimulator.Build.0 = Debug|Any CPU
		{38C94544-50B1-4D3F-A6A3-10F3AA25A28E}.Debug|x64.ActiveCfg = Debug|Any CPU
		{38C94544-50B1-4D3F-A6A3-10F3AA25A28E}.Debug|x64.Build.0 = Debug|Any CPU
		{38C94544-50B1-4D3F-A6A3-10F3AA25A28E}.Debug|x86.ActiveCfg = Debug|Any CPU
		{38C94544-50B1-4D3F-A6A3-10F3AA25A28E}.Debug|x86.Build.0 = Debug|Any CPU
		{38C94544-50B1-4D3F-A6A3-10F3AA25A28E}.Release|Any CPU.ActiveCfg = Release|Any CPU
		{38C94544-50B1-4D3F-A6A3-10F3AA25A28E}.Release|Any CPU.Build.0 = Release|Any CPU
		{38C94544-50B1-4D3F-A6A3-10F3AA25A28E}.Release|iPhone.ActiveCfg = Release|Any CPU
		{38C94544-50B1-4D3F-A6A3-10F3AA25A28E}.Release|iPhone.Build.0 = Release|Any CPU
		{38C94544-50B1-4D3F-A6A3-10F3AA25A28E}.Release|iPhoneSimulator.ActiveCfg = Release|Any CPU
		{38C94544-50B1-4D3F-A6A3-10F3AA25A28E}.Release|iPhoneSimulator.Build.0 = Release|Any CPU
		{38C94544-50B1-4D3F-A6A3-10F3AA25A28E}.Release|x64.ActiveCfg = Release|Any CPU
		{38C94544-50B1-4D3F-A6A3-10F3AA25A28E}.Release|x64.Build.0 = Release|Any CPU
		{38C94544-50B1-4D3F-A6A3-10F3AA25A28E}.Release|x86.ActiveCfg = Release|Any CPU
		{38C94544-50B1-4D3F-A6A3-10F3AA25A28E}.Release|x86.Build.0 = Release|Any CPU
		{BE6E385F-DC77-4746-9055-BADB99AB0E05}.Ad-Hoc|Any CPU.ActiveCfg = Debug|Any CPU
		{BE6E385F-DC77-4746-9055-BADB99AB0E05}.Ad-Hoc|Any CPU.Build.0 = Debug|Any CPU
		{BE6E385F-DC77-4746-9055-BADB99AB0E05}.Ad-Hoc|iPhone.ActiveCfg = Debug|Any CPU
		{BE6E385F-DC77-4746-9055-BADB99AB0E05}.Ad-Hoc|iPhone.Build.0 = Debug|Any CPU
		{BE6E385F-DC77-4746-9055-BADB99AB0E05}.Ad-Hoc|iPhoneSimulator.ActiveCfg = Debug|Any CPU
		{BE6E385F-DC77-4746-9055-BADB99AB0E05}.Ad-Hoc|iPhoneSimulator.Build.0 = Debug|Any CPU
		{BE6E385F-DC77-4746-9055-BADB99AB0E05}.Ad-Hoc|x64.ActiveCfg = Release|x64
		{BE6E385F-DC77-4746-9055-BADB99AB0E05}.Ad-Hoc|x64.Build.0 = Release|x64
		{BE6E385F-DC77-4746-9055-BADB99AB0E05}.Ad-Hoc|x86.ActiveCfg = Release|Any CPU
		{BE6E385F-DC77-4746-9055-BADB99AB0E05}.Ad-Hoc|x86.Build.0 = Release|Any CPU
		{BE6E385F-DC77-4746-9055-BADB99AB0E05}.AppStore|Any CPU.ActiveCfg = Debug|Any CPU
		{BE6E385F-DC77-4746-9055-BADB99AB0E05}.AppStore|Any CPU.Build.0 = Debug|Any CPU
		{BE6E385F-DC77-4746-9055-BADB99AB0E05}.AppStore|iPhone.ActiveCfg = Debug|Any CPU
		{BE6E385F-DC77-4746-9055-BADB99AB0E05}.AppStore|iPhone.Build.0 = Debug|Any CPU
		{BE6E385F-DC77-4746-9055-BADB99AB0E05}.AppStore|iPhoneSimulator.ActiveCfg = Debug|Any CPU
		{BE6E385F-DC77-4746-9055-BADB99AB0E05}.AppStore|iPhoneSimulator.Build.0 = Debug|Any CPU
		{BE6E385F-DC77-4746-9055-BADB99AB0E05}.AppStore|x64.ActiveCfg = Release|x64
		{BE6E385F-DC77-4746-9055-BADB99AB0E05}.AppStore|x64.Build.0 = Release|x64
		{BE6E385F-DC77-4746-9055-BADB99AB0E05}.AppStore|x86.ActiveCfg = Release|Any CPU
		{BE6E385F-DC77-4746-9055-BADB99AB0E05}.AppStore|x86.Build.0 = Release|Any CPU
		{BE6E385F-DC77-4746-9055-BADB99AB0E05}.Debug|Any CPU.ActiveCfg = Debug|Any CPU
		{BE6E385F-DC77-4746-9055-BADB99AB0E05}.Debug|Any CPU.Build.0 = Debug|Any CPU
		{BE6E385F-DC77-4746-9055-BADB99AB0E05}.Debug|iPhone.ActiveCfg = Debug|Any CPU
		{BE6E385F-DC77-4746-9055-BADB99AB0E05}.Debug|iPhone.Build.0 = Debug|Any CPU
		{BE6E385F-DC77-4746-9055-BADB99AB0E05}.Debug|iPhoneSimulator.ActiveCfg = Debug|Any CPU
		{BE6E385F-DC77-4746-9055-BADB99AB0E05}.Debug|iPhoneSimulator.Build.0 = Debug|Any CPU
		{BE6E385F-DC77-4746-9055-BADB99AB0E05}.Debug|x64.ActiveCfg = Debug|x64
		{BE6E385F-DC77-4746-9055-BADB99AB0E05}.Debug|x64.Build.0 = Debug|x64
		{BE6E385F-DC77-4746-9055-BADB99AB0E05}.Debug|x86.ActiveCfg = Debug|Any CPU
		{BE6E385F-DC77-4746-9055-BADB99AB0E05}.Debug|x86.Build.0 = Debug|Any CPU
		{BE6E385F-DC77-4746-9055-BADB99AB0E05}.Release|Any CPU.ActiveCfg = Release|Any CPU
		{BE6E385F-DC77-4746-9055-BADB99AB0E05}.Release|Any CPU.Build.0 = Release|Any CPU
		{BE6E385F-DC77-4746-9055-BADB99AB0E05}.Release|iPhone.ActiveCfg = Release|Any CPU
		{BE6E385F-DC77-4746-9055-BADB99AB0E05}.Release|iPhone.Build.0 = Release|Any CPU
		{BE6E385F-DC77-4746-9055-BADB99AB0E05}.Release|iPhoneSimulator.ActiveCfg = Release|Any CPU
		{BE6E385F-DC77-4746-9055-BADB99AB0E05}.Release|iPhoneSimulator.Build.0 = Release|Any CPU
		{BE6E385F-DC77-4746-9055-BADB99AB0E05}.Release|x64.ActiveCfg = Release|x64
		{BE6E385F-DC77-4746-9055-BADB99AB0E05}.Release|x64.Build.0 = Release|x64
		{BE6E385F-DC77-4746-9055-BADB99AB0E05}.Release|x86.ActiveCfg = Release|Any CPU
		{BE6E385F-DC77-4746-9055-BADB99AB0E05}.Release|x86.Build.0 = Release|Any CPU
		{3A7C3B72-AD48-4428-A246-078D6E377B9D}.Ad-Hoc|Any CPU.ActiveCfg = Debug|Any CPU
		{3A7C3B72-AD48-4428-A246-078D6E377B9D}.Ad-Hoc|Any CPU.Build.0 = Debug|Any CPU
		{3A7C3B72-AD48-4428-A246-078D6E377B9D}.Ad-Hoc|iPhone.ActiveCfg = Debug|Any CPU
		{3A7C3B72-AD48-4428-A246-078D6E377B9D}.Ad-Hoc|iPhone.Build.0 = Debug|Any CPU
		{3A7C3B72-AD48-4428-A246-078D6E377B9D}.Ad-Hoc|iPhoneSimulator.ActiveCfg = Debug|Any CPU
		{3A7C3B72-AD48-4428-A246-078D6E377B9D}.Ad-Hoc|iPhoneSimulator.Build.0 = Debug|Any CPU
		{3A7C3B72-AD48-4428-A246-078D6E377B9D}.Ad-Hoc|x64.ActiveCfg = Release|Any CPU
		{3A7C3B72-AD48-4428-A246-078D6E377B9D}.Ad-Hoc|x86.ActiveCfg = Release|Any CPU
		{3A7C3B72-AD48-4428-A246-078D6E377B9D}.Ad-Hoc|x86.Build.0 = Release|Any CPU
		{3A7C3B72-AD48-4428-A246-078D6E377B9D}.AppStore|Any CPU.ActiveCfg = Debug|Any CPU
		{3A7C3B72-AD48-4428-A246-078D6E377B9D}.AppStore|Any CPU.Build.0 = Debug|Any CPU
		{3A7C3B72-AD48-4428-A246-078D6E377B9D}.AppStore|iPhone.ActiveCfg = Debug|Any CPU
		{3A7C3B72-AD48-4428-A246-078D6E377B9D}.AppStore|iPhone.Build.0 = Debug|Any CPU
		{3A7C3B72-AD48-4428-A246-078D6E377B9D}.AppStore|iPhoneSimulator.ActiveCfg = Debug|Any CPU
		{3A7C3B72-AD48-4428-A246-078D6E377B9D}.AppStore|iPhoneSimulator.Build.0 = Debug|Any CPU
		{3A7C3B72-AD48-4428-A246-078D6E377B9D}.AppStore|x64.ActiveCfg = Release|Any CPU
		{3A7C3B72-AD48-4428-A246-078D6E377B9D}.AppStore|x86.ActiveCfg = Release|Any CPU
		{3A7C3B72-AD48-4428-A246-078D6E377B9D}.AppStore|x86.Build.0 = Release|Any CPU
		{3A7C3B72-AD48-4428-A246-078D6E377B9D}.Debug|Any CPU.ActiveCfg = Debug|Any CPU
		{3A7C3B72-AD48-4428-A246-078D6E377B9D}.Debug|Any CPU.Build.0 = Debug|Any CPU
		{3A7C3B72-AD48-4428-A246-078D6E377B9D}.Debug|iPhone.ActiveCfg = Debug|Any CPU
		{3A7C3B72-AD48-4428-A246-078D6E377B9D}.Debug|iPhone.Build.0 = Debug|Any CPU
		{3A7C3B72-AD48-4428-A246-078D6E377B9D}.Debug|iPhoneSimulator.ActiveCfg = Debug|Any CPU
		{3A7C3B72-AD48-4428-A246-078D6E377B9D}.Debug|iPhoneSimulator.Build.0 = Debug|Any CPU
		{3A7C3B72-AD48-4428-A246-078D6E377B9D}.Debug|x64.ActiveCfg = Debug|Any CPU
		{3A7C3B72-AD48-4428-A246-078D6E377B9D}.Debug|x86.ActiveCfg = Debug|Any CPU
		{3A7C3B72-AD48-4428-A246-078D6E377B9D}.Debug|x86.Build.0 = Debug|Any CPU
		{3A7C3B72-AD48-4428-A246-078D6E377B9D}.Release|Any CPU.ActiveCfg = Release|Any CPU
		{3A7C3B72-AD48-4428-A246-078D6E377B9D}.Release|Any CPU.Build.0 = Release|Any CPU
		{3A7C3B72-AD48-4428-A246-078D6E377B9D}.Release|iPhone.ActiveCfg = Release|Any CPU
		{3A7C3B72-AD48-4428-A246-078D6E377B9D}.Release|iPhone.Build.0 = Release|Any CPU
		{3A7C3B72-AD48-4428-A246-078D6E377B9D}.Release|iPhoneSimulator.ActiveCfg = Release|Any CPU
		{3A7C3B72-AD48-4428-A246-078D6E377B9D}.Release|iPhoneSimulator.Build.0 = Release|Any CPU
		{3A7C3B72-AD48-4428-A246-078D6E377B9D}.Release|x64.ActiveCfg = Release|Any CPU
		{3A7C3B72-AD48-4428-A246-078D6E377B9D}.Release|x86.ActiveCfg = Release|Any CPU
		{3A7C3B72-AD48-4428-A246-078D6E377B9D}.Release|x86.Build.0 = Release|Any CPU
		{8E7DE318-4E55-4D67-A9DE-83F21A3F0DAF}.Ad-Hoc|Any CPU.ActiveCfg = Release|Any CPU
		{8E7DE318-4E55-4D67-A9DE-83F21A3F0DAF}.Ad-Hoc|Any CPU.Build.0 = Release|Any CPU
		{8E7DE318-4E55-4D67-A9DE-83F21A3F0DAF}.Ad-Hoc|iPhone.ActiveCfg = Release|Any CPU
		{8E7DE318-4E55-4D67-A9DE-83F21A3F0DAF}.Ad-Hoc|iPhone.Build.0 = Release|Any CPU
		{8E7DE318-4E55-4D67-A9DE-83F21A3F0DAF}.Ad-Hoc|iPhoneSimulator.ActiveCfg = Release|Any CPU
		{8E7DE318-4E55-4D67-A9DE-83F21A3F0DAF}.Ad-Hoc|iPhoneSimulator.Build.0 = Release|Any CPU
		{8E7DE318-4E55-4D67-A9DE-83F21A3F0DAF}.Ad-Hoc|x64.ActiveCfg = Debug|Any CPU
		{8E7DE318-4E55-4D67-A9DE-83F21A3F0DAF}.Ad-Hoc|x86.ActiveCfg = Debug|Any CPU
		{8E7DE318-4E55-4D67-A9DE-83F21A3F0DAF}.Ad-Hoc|x86.Build.0 = Debug|Any CPU
		{8E7DE318-4E55-4D67-A9DE-83F21A3F0DAF}.AppStore|Any CPU.ActiveCfg = Release|Any CPU
		{8E7DE318-4E55-4D67-A9DE-83F21A3F0DAF}.AppStore|Any CPU.Build.0 = Release|Any CPU
		{8E7DE318-4E55-4D67-A9DE-83F21A3F0DAF}.AppStore|iPhone.ActiveCfg = Release|Any CPU
		{8E7DE318-4E55-4D67-A9DE-83F21A3F0DAF}.AppStore|iPhone.Build.0 = Release|Any CPU
		{8E7DE318-4E55-4D67-A9DE-83F21A3F0DAF}.AppStore|iPhoneSimulator.ActiveCfg = Release|Any CPU
		{8E7DE318-4E55-4D67-A9DE-83F21A3F0DAF}.AppStore|iPhoneSimulator.Build.0 = Release|Any CPU
		{8E7DE318-4E55-4D67-A9DE-83F21A3F0DAF}.AppStore|x64.ActiveCfg = Debug|Any CPU
		{8E7DE318-4E55-4D67-A9DE-83F21A3F0DAF}.AppStore|x86.ActiveCfg = Debug|Any CPU
		{8E7DE318-4E55-4D67-A9DE-83F21A3F0DAF}.AppStore|x86.Build.0 = Debug|Any CPU
		{8E7DE318-4E55-4D67-A9DE-83F21A3F0DAF}.Debug|Any CPU.ActiveCfg = Debug|Any CPU
		{8E7DE318-4E55-4D67-A9DE-83F21A3F0DAF}.Debug|Any CPU.Build.0 = Debug|Any CPU
		{8E7DE318-4E55-4D67-A9DE-83F21A3F0DAF}.Debug|iPhone.ActiveCfg = Debug|Any CPU
		{8E7DE318-4E55-4D67-A9DE-83F21A3F0DAF}.Debug|iPhone.Build.0 = Debug|Any CPU
		{8E7DE318-4E55-4D67-A9DE-83F21A3F0DAF}.Debug|iPhoneSimulator.ActiveCfg = Debug|Any CPU
		{8E7DE318-4E55-4D67-A9DE-83F21A3F0DAF}.Debug|iPhoneSimulator.Build.0 = Debug|Any CPU
		{8E7DE318-4E55-4D67-A9DE-83F21A3F0DAF}.Debug|x64.ActiveCfg = Debug|Any CPU
		{8E7DE318-4E55-4D67-A9DE-83F21A3F0DAF}.Debug|x86.ActiveCfg = Debug|Any CPU
		{8E7DE318-4E55-4D67-A9DE-83F21A3F0DAF}.Debug|x86.Build.0 = Debug|Any CPU
		{8E7DE318-4E55-4D67-A9DE-83F21A3F0DAF}.Release|Any CPU.ActiveCfg = Release|Any CPU
		{8E7DE318-4E55-4D67-A9DE-83F21A3F0DAF}.Release|Any CPU.Build.0 = Release|Any CPU
		{8E7DE318-4E55-4D67-A9DE-83F21A3F0DAF}.Release|iPhone.ActiveCfg = Release|Any CPU
		{8E7DE318-4E55-4D67-A9DE-83F21A3F0DAF}.Release|iPhone.Build.0 = Release|Any CPU
		{8E7DE318-4E55-4D67-A9DE-83F21A3F0DAF}.Release|iPhoneSimulator.ActiveCfg = Release|Any CPU
		{8E7DE318-4E55-4D67-A9DE-83F21A3F0DAF}.Release|iPhoneSimulator.Build.0 = Release|Any CPU
		{8E7DE318-4E55-4D67-A9DE-83F21A3F0DAF}.Release|x64.ActiveCfg = Release|Any CPU
		{8E7DE318-4E55-4D67-A9DE-83F21A3F0DAF}.Release|x86.ActiveCfg = Release|Any CPU
		{8E7DE318-4E55-4D67-A9DE-83F21A3F0DAF}.Release|x86.Build.0 = Release|Any CPU
		{64D348C7-7061-4B41-B157-54536608EC86}.Ad-Hoc|Any CPU.ActiveCfg = Debug|Any CPU
		{64D348C7-7061-4B41-B157-54536608EC86}.Ad-Hoc|Any CPU.Build.0 = Debug|Any CPU
		{64D348C7-7061-4B41-B157-54536608EC86}.Ad-Hoc|iPhone.ActiveCfg = Debug|Any CPU
		{64D348C7-7061-4B41-B157-54536608EC86}.Ad-Hoc|iPhone.Build.0 = Debug|Any CPU
		{64D348C7-7061-4B41-B157-54536608EC86}.Ad-Hoc|iPhoneSimulator.ActiveCfg = Debug|Any CPU
		{64D348C7-7061-4B41-B157-54536608EC86}.Ad-Hoc|iPhoneSimulator.Build.0 = Debug|Any CPU
		{64D348C7-7061-4B41-B157-54536608EC86}.Ad-Hoc|x64.ActiveCfg = Release|Any CPU
		{64D348C7-7061-4B41-B157-54536608EC86}.Ad-Hoc|x86.ActiveCfg = Release|Any CPU
		{64D348C7-7061-4B41-B157-54536608EC86}.Ad-Hoc|x86.Build.0 = Release|Any CPU
		{64D348C7-7061-4B41-B157-54536608EC86}.AppStore|Any CPU.ActiveCfg = Debug|Any CPU
		{64D348C7-7061-4B41-B157-54536608EC86}.AppStore|Any CPU.Build.0 = Debug|Any CPU
		{64D348C7-7061-4B41-B157-54536608EC86}.AppStore|iPhone.ActiveCfg = Debug|Any CPU
		{64D348C7-7061-4B41-B157-54536608EC86}.AppStore|iPhone.Build.0 = Debug|Any CPU
		{64D348C7-7061-4B41-B157-54536608EC86}.AppStore|iPhoneSimulator.ActiveCfg = Debug|Any CPU
		{64D348C7-7061-4B41-B157-54536608EC86}.AppStore|iPhoneSimulator.Build.0 = Debug|Any CPU
		{64D348C7-7061-4B41-B157-54536608EC86}.AppStore|x64.ActiveCfg = Release|Any CPU
		{64D348C7-7061-4B41-B157-54536608EC86}.AppStore|x86.ActiveCfg = Release|Any CPU
		{64D348C7-7061-4B41-B157-54536608EC86}.AppStore|x86.Build.0 = Release|Any CPU
		{64D348C7-7061-4B41-B157-54536608EC86}.Debug|Any CPU.ActiveCfg = Debug|Any CPU
		{64D348C7-7061-4B41-B157-54536608EC86}.Debug|Any CPU.Build.0 = Debug|Any CPU
		{64D348C7-7061-4B41-B157-54536608EC86}.Debug|iPhone.ActiveCfg = Debug|Any CPU
		{64D348C7-7061-4B41-B157-54536608EC86}.Debug|iPhone.Build.0 = Debug|Any CPU
		{64D348C7-7061-4B41-B157-54536608EC86}.Debug|iPhoneSimulator.ActiveCfg = Debug|Any CPU
		{64D348C7-7061-4B41-B157-54536608EC86}.Debug|iPhoneSimulator.Build.0 = Debug|Any CPU
		{64D348C7-7061-4B41-B157-54536608EC86}.Debug|x64.ActiveCfg = Debug|Any CPU
		{64D348C7-7061-4B41-B157-54536608EC86}.Debug|x86.ActiveCfg = Debug|Any CPU
		{64D348C7-7061-4B41-B157-54536608EC86}.Debug|x86.Build.0 = Debug|Any CPU
		{64D348C7-7061-4B41-B157-54536608EC86}.Release|Any CPU.ActiveCfg = Release|Any CPU
		{64D348C7-7061-4B41-B157-54536608EC86}.Release|Any CPU.Build.0 = Release|Any CPU
		{64D348C7-7061-4B41-B157-54536608EC86}.Release|iPhone.ActiveCfg = Release|Any CPU
		{64D348C7-7061-4B41-B157-54536608EC86}.Release|iPhone.Build.0 = Release|Any CPU
		{64D348C7-7061-4B41-B157-54536608EC86}.Release|iPhoneSimulator.ActiveCfg = Release|Any CPU
		{64D348C7-7061-4B41-B157-54536608EC86}.Release|iPhoneSimulator.Build.0 = Release|Any CPU
		{64D348C7-7061-4B41-B157-54536608EC86}.Release|x64.ActiveCfg = Release|Any CPU
		{64D348C7-7061-4B41-B157-54536608EC86}.Release|x86.ActiveCfg = Release|Any CPU
		{64D348C7-7061-4B41-B157-54536608EC86}.Release|x86.Build.0 = Release|Any CPU
		{ECD3965F-4C56-408E-9CCD-EE1402466B67}.Ad-Hoc|Any CPU.ActiveCfg = Debug|Any CPU
		{ECD3965F-4C56-408E-9CCD-EE1402466B67}.Ad-Hoc|Any CPU.Build.0 = Debug|Any CPU
		{ECD3965F-4C56-408E-9CCD-EE1402466B67}.Ad-Hoc|iPhone.ActiveCfg = Debug|Any CPU
		{ECD3965F-4C56-408E-9CCD-EE1402466B67}.Ad-Hoc|iPhone.Build.0 = Debug|Any CPU
		{ECD3965F-4C56-408E-9CCD-EE1402466B67}.Ad-Hoc|iPhoneSimulator.ActiveCfg = Debug|Any CPU
		{ECD3965F-4C56-408E-9CCD-EE1402466B67}.Ad-Hoc|iPhoneSimulator.Build.0 = Debug|Any CPU
		{ECD3965F-4C56-408E-9CCD-EE1402466B67}.Ad-Hoc|x64.ActiveCfg = Debug|Any CPU
		{ECD3965F-4C56-408E-9CCD-EE1402466B67}.Ad-Hoc|x64.Build.0 = Debug|Any CPU
		{ECD3965F-4C56-408E-9CCD-EE1402466B67}.Ad-Hoc|x86.ActiveCfg = Debug|Any CPU
		{ECD3965F-4C56-408E-9CCD-EE1402466B67}.Ad-Hoc|x86.Build.0 = Debug|Any CPU
		{ECD3965F-4C56-408E-9CCD-EE1402466B67}.AppStore|Any CPU.ActiveCfg = Debug|Any CPU
		{ECD3965F-4C56-408E-9CCD-EE1402466B67}.AppStore|Any CPU.Build.0 = Debug|Any CPU
		{ECD3965F-4C56-408E-9CCD-EE1402466B67}.AppStore|iPhone.ActiveCfg = Debug|Any CPU
		{ECD3965F-4C56-408E-9CCD-EE1402466B67}.AppStore|iPhone.Build.0 = Debug|Any CPU
		{ECD3965F-4C56-408E-9CCD-EE1402466B67}.AppStore|iPhoneSimulator.ActiveCfg = Debug|Any CPU
		{ECD3965F-4C56-408E-9CCD-EE1402466B67}.AppStore|iPhoneSimulator.Build.0 = Debug|Any CPU
		{ECD3965F-4C56-408E-9CCD-EE1402466B67}.AppStore|x64.ActiveCfg = Debug|Any CPU
		{ECD3965F-4C56-408E-9CCD-EE1402466B67}.AppStore|x64.Build.0 = Debug|Any CPU
		{ECD3965F-4C56-408E-9CCD-EE1402466B67}.AppStore|x86.ActiveCfg = Debug|Any CPU
		{ECD3965F-4C56-408E-9CCD-EE1402466B67}.AppStore|x86.Build.0 = Debug|Any CPU
		{ECD3965F-4C56-408E-9CCD-EE1402466B67}.Debug|Any CPU.ActiveCfg = Debug|Any CPU
		{ECD3965F-4C56-408E-9CCD-EE1402466B67}.Debug|Any CPU.Build.0 = Debug|Any CPU
		{ECD3965F-4C56-408E-9CCD-EE1402466B67}.Debug|iPhone.ActiveCfg = Debug|Any CPU
		{ECD3965F-4C56-408E-9CCD-EE1402466B67}.Debug|iPhone.Build.0 = Debug|Any CPU
		{ECD3965F-4C56-408E-9CCD-EE1402466B67}.Debug|iPhoneSimulator.ActiveCfg = Debug|Any CPU
		{ECD3965F-4C56-408E-9CCD-EE1402466B67}.Debug|iPhoneSimulator.Build.0 = Debug|Any CPU
		{ECD3965F-4C56-408E-9CCD-EE1402466B67}.Debug|x64.ActiveCfg = Debug|Any CPU
		{ECD3965F-4C56-408E-9CCD-EE1402466B67}.Debug|x64.Build.0 = Debug|Any CPU
		{ECD3965F-4C56-408E-9CCD-EE1402466B67}.Debug|x86.ActiveCfg = Debug|Any CPU
		{ECD3965F-4C56-408E-9CCD-EE1402466B67}.Debug|x86.Build.0 = Debug|Any CPU
		{ECD3965F-4C56-408E-9CCD-EE1402466B67}.Release|Any CPU.ActiveCfg = Release|Any CPU
		{ECD3965F-4C56-408E-9CCD-EE1402466B67}.Release|Any CPU.Build.0 = Release|Any CPU
		{ECD3965F-4C56-408E-9CCD-EE1402466B67}.Release|iPhone.ActiveCfg = Release|Any CPU
		{ECD3965F-4C56-408E-9CCD-EE1402466B67}.Release|iPhone.Build.0 = Release|Any CPU
		{ECD3965F-4C56-408E-9CCD-EE1402466B67}.Release|iPhoneSimulator.ActiveCfg = Release|Any CPU
		{ECD3965F-4C56-408E-9CCD-EE1402466B67}.Release|iPhoneSimulator.Build.0 = Release|Any CPU
		{ECD3965F-4C56-408E-9CCD-EE1402466B67}.Release|x64.ActiveCfg = Release|Any CPU
		{ECD3965F-4C56-408E-9CCD-EE1402466B67}.Release|x64.Build.0 = Release|Any CPU
		{ECD3965F-4C56-408E-9CCD-EE1402466B67}.Release|x86.ActiveCfg = Release|Any CPU
		{ECD3965F-4C56-408E-9CCD-EE1402466B67}.Release|x86.Build.0 = Release|Any CPU
		{B2F57C28-F13B-443E-A250-2379F587AAB9}.Ad-Hoc|Any CPU.ActiveCfg = Debug|Any CPU
		{B2F57C28-F13B-443E-A250-2379F587AAB9}.Ad-Hoc|Any CPU.Build.0 = Debug|Any CPU
		{B2F57C28-F13B-443E-A250-2379F587AAB9}.Ad-Hoc|iPhone.ActiveCfg = Debug|Any CPU
		{B2F57C28-F13B-443E-A250-2379F587AAB9}.Ad-Hoc|iPhone.Build.0 = Debug|Any CPU
		{B2F57C28-F13B-443E-A250-2379F587AAB9}.Ad-Hoc|iPhoneSimulator.ActiveCfg = Debug|Any CPU
		{B2F57C28-F13B-443E-A250-2379F587AAB9}.Ad-Hoc|iPhoneSimulator.Build.0 = Debug|Any CPU
		{B2F57C28-F13B-443E-A250-2379F587AAB9}.Ad-Hoc|x64.ActiveCfg = Debug|Any CPU
		{B2F57C28-F13B-443E-A250-2379F587AAB9}.Ad-Hoc|x64.Build.0 = Debug|Any CPU
		{B2F57C28-F13B-443E-A250-2379F587AAB9}.Ad-Hoc|x86.ActiveCfg = Debug|Any CPU
		{B2F57C28-F13B-443E-A250-2379F587AAB9}.Ad-Hoc|x86.Build.0 = Debug|Any CPU
		{B2F57C28-F13B-443E-A250-2379F587AAB9}.AppStore|Any CPU.ActiveCfg = Debug|Any CPU
		{B2F57C28-F13B-443E-A250-2379F587AAB9}.AppStore|Any CPU.Build.0 = Debug|Any CPU
		{B2F57C28-F13B-443E-A250-2379F587AAB9}.AppStore|iPhone.ActiveCfg = Debug|Any CPU
		{B2F57C28-F13B-443E-A250-2379F587AAB9}.AppStore|iPhone.Build.0 = Debug|Any CPU
		{B2F57C28-F13B-443E-A250-2379F587AAB9}.AppStore|iPhoneSimulator.ActiveCfg = Debug|Any CPU
		{B2F57C28-F13B-443E-A250-2379F587AAB9}.AppStore|iPhoneSimulator.Build.0 = Debug|Any CPU
		{B2F57C28-F13B-443E-A250-2379F587AAB9}.AppStore|x64.ActiveCfg = Debug|Any CPU
		{B2F57C28-F13B-443E-A250-2379F587AAB9}.AppStore|x64.Build.0 = Debug|Any CPU
		{B2F57C28-F13B-443E-A250-2379F587AAB9}.AppStore|x86.ActiveCfg = Debug|Any CPU
		{B2F57C28-F13B-443E-A250-2379F587AAB9}.AppStore|x86.Build.0 = Debug|Any CPU
		{B2F57C28-F13B-443E-A250-2379F587AAB9}.Debug|Any CPU.ActiveCfg = Debug|Any CPU
		{B2F57C28-F13B-443E-A250-2379F587AAB9}.Debug|Any CPU.Build.0 = Debug|Any CPU
		{B2F57C28-F13B-443E-A250-2379F587AAB9}.Debug|iPhone.ActiveCfg = Debug|Any CPU
		{B2F57C28-F13B-443E-A250-2379F587AAB9}.Debug|iPhone.Build.0 = Debug|Any CPU
		{B2F57C28-F13B-443E-A250-2379F587AAB9}.Debug|iPhoneSimulator.ActiveCfg = Debug|Any CPU
		{B2F57C28-F13B-443E-A250-2379F587AAB9}.Debug|iPhoneSimulator.Build.0 = Debug|Any CPU
		{B2F57C28-F13B-443E-A250-2379F587AAB9}.Debug|x64.ActiveCfg = Debug|Any CPU
		{B2F57C28-F13B-443E-A250-2379F587AAB9}.Debug|x64.Build.0 = Debug|Any CPU
		{B2F57C28-F13B-443E-A250-2379F587AAB9}.Debug|x86.ActiveCfg = Debug|Any CPU
		{B2F57C28-F13B-443E-A250-2379F587AAB9}.Debug|x86.Build.0 = Debug|Any CPU
		{B2F57C28-F13B-443E-A250-2379F587AAB9}.Release|Any CPU.ActiveCfg = Release|Any CPU
		{B2F57C28-F13B-443E-A250-2379F587AAB9}.Release|Any CPU.Build.0 = Release|Any CPU
		{B2F57C28-F13B-443E-A250-2379F587AAB9}.Release|iPhone.ActiveCfg = Release|Any CPU
		{B2F57C28-F13B-443E-A250-2379F587AAB9}.Release|iPhone.Build.0 = Release|Any CPU
		{B2F57C28-F13B-443E-A250-2379F587AAB9}.Release|iPhoneSimulator.ActiveCfg = Release|Any CPU
		{B2F57C28-F13B-443E-A250-2379F587AAB9}.Release|iPhoneSimulator.Build.0 = Release|Any CPU
		{B2F57C28-F13B-443E-A250-2379F587AAB9}.Release|x64.ActiveCfg = Release|Any CPU
		{B2F57C28-F13B-443E-A250-2379F587AAB9}.Release|x64.Build.0 = Release|Any CPU
		{B2F57C28-F13B-443E-A250-2379F587AAB9}.Release|x86.ActiveCfg = Release|Any CPU
		{B2F57C28-F13B-443E-A250-2379F587AAB9}.Release|x86.Build.0 = Release|Any CPU
		{F50567BF-036E-44B6-B42C-FC1B7899620A}.Ad-Hoc|Any CPU.ActiveCfg = Debug|Any CPU
		{F50567BF-036E-44B6-B42C-FC1B7899620A}.Ad-Hoc|Any CPU.Build.0 = Debug|Any CPU
		{F50567BF-036E-44B6-B42C-FC1B7899620A}.Ad-Hoc|iPhone.ActiveCfg = Debug|Any CPU
		{F50567BF-036E-44B6-B42C-FC1B7899620A}.Ad-Hoc|iPhone.Build.0 = Debug|Any CPU
		{F50567BF-036E-44B6-B42C-FC1B7899620A}.Ad-Hoc|iPhoneSimulator.ActiveCfg = Debug|Any CPU
		{F50567BF-036E-44B6-B42C-FC1B7899620A}.Ad-Hoc|iPhoneSimulator.Build.0 = Debug|Any CPU
		{F50567BF-036E-44B6-B42C-FC1B7899620A}.Ad-Hoc|x64.ActiveCfg = Debug|Any CPU
		{F50567BF-036E-44B6-B42C-FC1B7899620A}.Ad-Hoc|x64.Build.0 = Debug|Any CPU
		{F50567BF-036E-44B6-B42C-FC1B7899620A}.Ad-Hoc|x86.ActiveCfg = Debug|Any CPU
		{F50567BF-036E-44B6-B42C-FC1B7899620A}.Ad-Hoc|x86.Build.0 = Debug|Any CPU
		{F50567BF-036E-44B6-B42C-FC1B7899620A}.AppStore|Any CPU.ActiveCfg = Debug|Any CPU
		{F50567BF-036E-44B6-B42C-FC1B7899620A}.AppStore|Any CPU.Build.0 = Debug|Any CPU
		{F50567BF-036E-44B6-B42C-FC1B7899620A}.AppStore|iPhone.ActiveCfg = Debug|Any CPU
		{F50567BF-036E-44B6-B42C-FC1B7899620A}.AppStore|iPhone.Build.0 = Debug|Any CPU
		{F50567BF-036E-44B6-B42C-FC1B7899620A}.AppStore|iPhoneSimulator.ActiveCfg = Debug|Any CPU
		{F50567BF-036E-44B6-B42C-FC1B7899620A}.AppStore|iPhoneSimulator.Build.0 = Debug|Any CPU
		{F50567BF-036E-44B6-B42C-FC1B7899620A}.AppStore|x64.ActiveCfg = Debug|Any CPU
		{F50567BF-036E-44B6-B42C-FC1B7899620A}.AppStore|x64.Build.0 = Debug|Any CPU
		{F50567BF-036E-44B6-B42C-FC1B7899620A}.AppStore|x86.ActiveCfg = Debug|Any CPU
		{F50567BF-036E-44B6-B42C-FC1B7899620A}.AppStore|x86.Build.0 = Debug|Any CPU
		{F50567BF-036E-44B6-B42C-FC1B7899620A}.Debug|Any CPU.ActiveCfg = Debug|Any CPU
		{F50567BF-036E-44B6-B42C-FC1B7899620A}.Debug|Any CPU.Build.0 = Debug|Any CPU
		{F50567BF-036E-44B6-B42C-FC1B7899620A}.Debug|iPhone.ActiveCfg = Debug|Any CPU
		{F50567BF-036E-44B6-B42C-FC1B7899620A}.Debug|iPhone.Build.0 = Debug|Any CPU
		{F50567BF-036E-44B6-B42C-FC1B7899620A}.Debug|iPhoneSimulator.ActiveCfg = Debug|Any CPU
		{F50567BF-036E-44B6-B42C-FC1B7899620A}.Debug|iPhoneSimulator.Build.0 = Debug|Any CPU
		{F50567BF-036E-44B6-B42C-FC1B7899620A}.Debug|x64.ActiveCfg = Debug|Any CPU
		{F50567BF-036E-44B6-B42C-FC1B7899620A}.Debug|x64.Build.0 = Debug|Any CPU
		{F50567BF-036E-44B6-B42C-FC1B7899620A}.Debug|x86.ActiveCfg = Debug|Any CPU
		{F50567BF-036E-44B6-B42C-FC1B7899620A}.Debug|x86.Build.0 = Debug|Any CPU
		{F50567BF-036E-44B6-B42C-FC1B7899620A}.Release|Any CPU.ActiveCfg = Release|Any CPU
		{F50567BF-036E-44B6-B42C-FC1B7899620A}.Release|Any CPU.Build.0 = Release|Any CPU
		{F50567BF-036E-44B6-B42C-FC1B7899620A}.Release|iPhone.ActiveCfg = Release|Any CPU
		{F50567BF-036E-44B6-B42C-FC1B7899620A}.Release|iPhone.Build.0 = Release|Any CPU
		{F50567BF-036E-44B6-B42C-FC1B7899620A}.Release|iPhoneSimulator.ActiveCfg = Release|Any CPU
		{F50567BF-036E-44B6-B42C-FC1B7899620A}.Release|iPhoneSimulator.Build.0 = Release|Any CPU
		{F50567BF-036E-44B6-B42C-FC1B7899620A}.Release|x64.ActiveCfg = Release|Any CPU
		{F50567BF-036E-44B6-B42C-FC1B7899620A}.Release|x64.Build.0 = Release|Any CPU
		{F50567BF-036E-44B6-B42C-FC1B7899620A}.Release|x86.ActiveCfg = Release|Any CPU
		{F50567BF-036E-44B6-B42C-FC1B7899620A}.Release|x86.Build.0 = Release|Any CPU
	EndGlobalSection
	GlobalSection(SolutionProperties) = preSolution
		HideSolutionNode = FALSE
	EndGlobalSection
	GlobalSection(NestedProjects) = preSolution
		{B0A8C418-F0DA-43AA-9CC4-4105FBB79156} = {068E2632-0056-450E-AB4D-2D2953F081A1}
		{D4C2A25C-F903-412D-B359-E4D993102ABA} = {7FA5C57A-F665-49B8-9E77-D2102B1B331B}
		{38C94544-50B1-4D3F-A6A3-10F3AA25A28E} = {7FA5C57A-F665-49B8-9E77-D2102B1B331B}
		{BE6E385F-DC77-4746-9055-BADB99AB0E05} = {7FA5C57A-F665-49B8-9E77-D2102B1B331B}
		{3A7C3B72-AD48-4428-A246-078D6E377B9D} = {521C8021-785B-482F-A7E6-C704A74C06A6}
		{8E7DE318-4E55-4D67-A9DE-83F21A3F0DAF} = {521C8021-785B-482F-A7E6-C704A74C06A6}
		{64D348C7-7061-4B41-B157-54536608EC86} = {521C8021-785B-482F-A7E6-C704A74C06A6}
		{ECD3965F-4C56-408E-9CCD-EE1402466B67} = {8319C1CF-B598-4A62-BDD9-4DF9E834F0A0}
		{B2F57C28-F13B-443E-A250-2379F587AAB9} = {068E2632-0056-450E-AB4D-2D2953F081A1}
	EndGlobalSection
	GlobalSection(ExtensibilityGlobals) = postSolution
		SolutionGuid = {8FE7F49D-83C3-4CB4-8765-FCCF5B49E028}
	EndGlobalSection
EndGlobal
